{
  "version": 4,
  "terraform_version": "1.1.8",
  "serial": 50,
  "lineage": "abdd0479-479e-ec54-75b0-7fa0b5c31f45",
  "outputs": {},
  "resources": [
    {
      "module": "module.awslambdafunction",
      "mode": "data",
      "type": "archive_file",
      "name": "pp",
      "provider": "provider[\"registry.terraform.io/hashicorp/archive\"]",
      "instances": [
        {
          "schema_version": 0,
          "attributes": {
            "excludes": null,
            "id": "39f96a520b7099c82ac24ba3e14602394b7a150b",
            "output_base64sha256": "OEBnWwKK18hphd4vrUtbDTCLJLNTrzWJFIeYbIUpg6M=",
            "output_file_mode": null,
            "output_md5": "fe55439d877d4e20d53d584010c42500",
            "output_path": "LambdaFunction/processpurchase.zip",
            "output_sha": "39f96a520b7099c82ac24ba3e14602394b7a150b",
            "output_size": 433,
            "source": [],
            "source_content": null,
            "source_content_filename": null,
            "source_dir": null,
            "source_file": "LambdaFunction/processpurchase.py",
            "type": "zip"
          },
          "sensitive_attributes": []
        }
      ]
    },
    {
      "module": "module.awslambdafunction",
      "mode": "data",
      "type": "archive_file",
      "name": "pr",
      "provider": "provider[\"registry.terraform.io/hashicorp/archive\"]",
      "instances": [
        {
          "schema_version": 0,
          "attributes": {
            "excludes": null,
            "id": "b148b0c5537a0d728b8abc003413d7821e8d409a",
            "output_base64sha256": "AyEEnDFdVNYYkNuG/2Ozb92lru6JfCBBnYiq+Ta7uMQ=",
            "output_file_mode": null,
            "output_md5": "dbbb4de9329bcc77283b84a5308095ca",
            "output_path": "LambdaFunction/processrefund.zip",
            "output_sha": "b148b0c5537a0d728b8abc003413d7821e8d409a",
            "output_size": 426,
            "source": [],
            "source_content": null,
            "source_content_filename": null,
            "source_dir": null,
            "source_file": "LambdaFunction/processrefund.py",
            "type": "zip"
          },
          "sensitive_attributes": []
        }
      ]
    },
    {
      "module": "module.awslambdafunction",
      "mode": "managed",
      "type": "aws_iam_role",
      "name": "lambda_role",
      "provider": "provider[\"registry.terraform.io/hashicorp/aws\"]",
      "instances": [
        {
          "schema_version": 0,
          "attributes": {
            "arn": "arn:aws:iam::085037777088:role/lambda_role",
            "assume_role_policy": "{\"Version\":\"2012-10-17\",\"Statement\":[{\"Sid\":\"\",\"Effect\":\"Allow\",\"Principal\":{\"Service\":\"lambda.amazonaws.com\"},\"Action\":\"sts:AssumeRole\"}]}",
            "create_date": "2022-05-12T16:26:44Z",
            "description": "",
            "force_detach_policies": false,
            "id": "lambda_role",
            "inline_policy": [
              {
                "name": "lambda_policy",
                "policy": "{\n    \"Version\": \"2012-10-17\",\n    \"Statement\": [\n        {\n            \"Sid\": \"1\",\n            \"Action\": \"logs:*\",\n            \"Effect\": \"Allow\",\n            \"Resource\": \"*\"\n        }\n    ]\n}"
              }
            ],
            "managed_policy_arns": [],
            "max_session_duration": 3600,
            "name": "lambda_role",
            "name_prefix": "",
            "path": "/",
            "permissions_boundary": null,
            "tags": {},
            "tags_all": {},
            "unique_id": "AROARHTFFQDALYCI2HHQX"
          },
          "sensitive_attributes": [],
          "private": "bnVsbA=="
        }
      ]
    },
    {
      "module": "module.awslambdafunction",
      "mode": "managed",
      "type": "aws_iam_role_policy",
      "name": "lambda_policy",
      "provider": "provider[\"registry.terraform.io/hashicorp/aws\"]",
      "instances": [
        {
          "schema_version": 0,
          "attributes": {
            "id": "lambda_role:lambda_policy",
            "name": "lambda_policy",
            "name_prefix": null,
            "policy": "{\n    \"Version\": \"2012-10-17\",\n    \"Statement\": [\n        {\n            \"Sid\": \"1\",\n            \"Action\": \"logs:*\",\n            \"Effect\": \"Allow\",\n            \"Resource\": \"*\"\n        }\n    ]\n}",
            "role": "lambda_role"
          },
          "sensitive_attributes": [],
          "private": "bnVsbA==",
          "dependencies": [
            "module.awslambdafunction.aws_iam_role.lambda_role"
          ]
        }
      ]
    },
    {
      "module": "module.awslambdafunction",
      "mode": "managed",
      "type": "aws_lambda_function",
      "name": "SFprocesspurchase",
      "provider": "provider[\"registry.terraform.io/hashicorp/aws\"]",
      "instances": [
        {
          "schema_version": 0,
          "attributes": {
            "architectures": [
              "x86_64"
            ],
            "arn": "arn:aws:lambda:us-east-1:085037777088:function:SFprocesspurchase",
            "code_signing_config_arn": "",
            "dead_letter_config": [],
            "description": "",
            "environment": [],
            "ephemeral_storage": [
              {
                "size": 512
              }
            ],
            "file_system_config": [],
            "filename": null,
            "function_name": "SFprocesspurchase",
            "handler": "SFprocesspurchase.handler",
            "id": "SFprocesspurchase",
            "image_config": [],
            "image_uri": "",
            "invoke_arn": "arn:aws:apigateway:us-east-1:lambda:path/2015-03-31/functions/arn:aws:lambda:us-east-1:085037777088:function:SFprocesspurchase/invocations",
            "kms_key_arn": "",
            "last_modified": "2022-05-12T16:36:06.733+0000",
            "layers": null,
            "memory_size": 128,
            "package_type": "Zip",
            "publish": false,
            "qualified_arn": "arn:aws:lambda:us-east-1:085037777088:function:SFprocesspurchase:$LATEST",
            "reserved_concurrent_executions": -1,
            "role": "arn:aws:iam::085037777088:role/lambda_role",
            "runtime": "python3.8",
            "s3_bucket": "quickcloudpocsbucket001",
            "s3_key": "processpurchase.zip",
            "s3_object_version": null,
            "signing_job_arn": "",
            "signing_profile_version_arn": "",
            "source_code_hash": "OEBnWwKK18hphd4vrUtbDTCLJLNTrzWJFIeYbIUpg6M=",
            "source_code_size": 433,
            "tags": null,
            "tags_all": {},
            "timeout": 3,
            "timeouts": null,
            "tracing_config": [
              {
                "mode": "PassThrough"
              }
            ],
            "version": "$LATEST",
            "vpc_config": []
          },
          "sensitive_attributes": [],
          "private": "eyJlMmJmYjczMC1lY2FhLTExZTYtOGY4OC0zNDM2M2JjN2M0YzAiOnsiY3JlYXRlIjo2MDAwMDAwMDAwMDB9fQ==",
          "dependencies": [
            "module.awslambdafunction.aws_iam_role.lambda_role",
            "module.awslambdafunction.aws_s3_bucket.cqpocsbucket"
          ]
        }
      ]
    },
    {
      "module": "module.awslambdafunction",
      "mode": "managed",
      "type": "aws_lambda_function",
      "name": "SFprocessrefund",
      "provider": "provider[\"registry.terraform.io/hashicorp/aws\"]",
      "instances": [
        {
          "schema_version": 0,
          "attributes": {
            "architectures": [
              "x86_64"
            ],
            "arn": "arn:aws:lambda:us-east-1:085037777088:function:SFprocessrefund",
            "code_signing_config_arn": "",
            "dead_letter_config": [],
            "description": "",
            "environment": [],
            "ephemeral_storage": [
              {
                "size": 512
              }
            ],
            "file_system_config": [],
            "filename": null,
            "function_name": "SFprocessrefund",
            "handler": "SFprocessrefund.handler",
            "id": "SFprocessrefund",
            "image_config": [],
            "image_uri": "",
            "invoke_arn": "arn:aws:apigateway:us-east-1:lambda:path/2015-03-31/functions/arn:aws:lambda:us-east-1:085037777088:function:SFprocessrefund/invocations",
            "kms_key_arn": "",
            "last_modified": "2022-05-12T16:26:53.212+0000",
            "layers": [],
            "memory_size": 128,
            "package_type": "Zip",
            "publish": false,
            "qualified_arn": "arn:aws:lambda:us-east-1:085037777088:function:SFprocessrefund:$LATEST",
            "reserved_concurrent_executions": -1,
            "role": "arn:aws:iam::085037777088:role/lambda_role",
            "runtime": "python3.8",
            "s3_bucket": "quickcloudpocsbucket001",
            "s3_key": "processrefund.zip",
            "s3_object_version": null,
            "signing_job_arn": "",
            "signing_profile_version_arn": "",
            "source_code_hash": "AyEEnDFdVNYYkNuG/2Ozb92lru6JfCBBnYiq+Ta7uMQ=",
            "source_code_size": 426,
            "tags": {},
            "tags_all": {},
            "timeout": 3,
            "timeouts": null,
            "tracing_config": [
              {
                "mode": "PassThrough"
              }
            ],
            "version": "$LATEST",
            "vpc_config": []
          },
          "sensitive_attributes": [],
          "private": "eyJlMmJmYjczMC1lY2FhLTExZTYtOGY4OC0zNDM2M2JjN2M0YzAiOnsiY3JlYXRlIjo2MDAwMDAwMDAwMDB9fQ==",
          "dependencies": [
            "module.awslambdafunction.aws_iam_role.lambda_role",
            "module.awslambdafunction.aws_s3_bucket.cqpocsbucket"
          ]
        }
      ]
    },
    {
      "module": "module.awslambdafunction",
      "mode": "managed",
      "type": "aws_s3_bucket",
      "name": "cqpocsbucket",
      "provider": "provider[\"registry.terraform.io/hashicorp/aws\"]",
      "instances": [
        {
          "schema_version": 0,
          "attributes": {
            "acceleration_status": "",
            "acl": "private",
            "arn": "arn:aws:s3:::quickcloudpocsbucket001",
            "bucket": "quickcloudpocsbucket001",
            "bucket_domain_name": "quickcloudpocsbucket001.s3.amazonaws.com",
            "bucket_prefix": null,
            "bucket_regional_domain_name": "quickcloudpocsbucket001.s3.amazonaws.com",
            "cors_rule": [],
            "force_destroy": false,
            "grant": [
              {
                "id": "ec4e85240fde3e972281150c6db9f6295c2ef9446347ac25a2253bea08914f3a",
                "permissions": [
                  "FULL_CONTROL"
                ],
                "type": "CanonicalUser",
                "uri": ""
              }
            ],
            "hosted_zone_id": "Z3AQBSTGFYJSTF",
            "id": "quickcloudpocsbucket001",
            "lifecycle_rule": [],
            "logging": [],
            "object_lock_configuration": [],
            "object_lock_enabled": false,
            "policy": "",
            "region": "us-east-1",
            "replication_configuration": [],
            "request_payer": "BucketOwner",
            "server_side_encryption_configuration": [],
            "tags": {},
            "tags_all": {},
            "versioning": [
              {
                "enabled": false,
                "mfa_delete": false
              }
            ],
            "website": [],
            "website_domain": null,
            "website_endpoint": null
          },
          "sensitive_attributes": [],
          "private": "bnVsbA=="
        }
      ]
    },
    {
      "module": "module.awslambdafunction",
      "mode": "managed",
      "type": "aws_s3_bucket_object",
      "name": "object1",
      "provider": "provider[\"registry.terraform.io/hashicorp/aws\"]",
      "instances": [
        {
          "schema_version": 0,
          "attributes": {
            "acl": "private",
            "bucket": "quickcloudpocsbucket001",
            "bucket_key_enabled": false,
            "cache_control": "",
            "content": null,
            "content_base64": null,
            "content_disposition": "",
            "content_encoding": "",
            "content_language": "",
            "content_type": "binary/octet-stream",
            "etag": "fe55439d877d4e20d53d584010c42500",
            "force_destroy": false,
            "id": "processpurchase.zip",
            "key": "processpurchase.zip",
            "kms_key_id": null,
            "metadata": {},
            "object_lock_legal_hold_status": "",
            "object_lock_mode": "",
            "object_lock_retain_until_date": "",
            "server_side_encryption": "",
            "source": "LambdaFunction/processpurchase.zip",
            "source_hash": null,
            "storage_class": "STANDARD",
            "tags": {},
            "tags_all": {},
            "version_id": "",
            "website_redirect": ""
          },
          "sensitive_attributes": [],
          "private": "bnVsbA==",
          "dependencies": [
            "module.awslambdafunction.aws_s3_bucket.cqpocsbucket"
          ]
        }
      ]
    },
    {
      "module": "module.awslambdafunction",
      "mode": "managed",
      "type": "aws_s3_bucket_object",
      "name": "object2",
      "provider": "provider[\"registry.terraform.io/hashicorp/aws\"]",
      "instances": [
        {
          "schema_version": 0,
          "attributes": {
            "acl": "private",
            "bucket": "quickcloudpocsbucket001",
            "bucket_key_enabled": false,
            "cache_control": "",
            "content": null,
            "content_base64": null,
            "content_disposition": "",
            "content_encoding": "",
            "content_language": "",
            "content_type": "binary/octet-stream",
            "etag": "dbbb4de9329bcc77283b84a5308095ca",
            "force_destroy": false,
            "id": "processrefund.zip",
            "key": "processrefund.zip",
            "kms_key_id": null,
            "metadata": {},
            "object_lock_legal_hold_status": "",
            "object_lock_mode": "",
            "object_lock_retain_until_date": "",
            "server_side_encryption": "",
            "source": "LambdaFunction/processrefund.zip",
            "source_hash": null,
            "storage_class": "STANDARD",
            "tags": {},
            "tags_all": {},
            "version_id": "",
            "website_redirect": ""
          },
          "sensitive_attributes": [],
          "private": "bnVsbA==",
          "dependencies": [
            "module.awslambdafunction.aws_s3_bucket.cqpocsbucket"
          ]
        }
      ]
    },
    {
      "module": "module.awsstepfunction",
      "mode": "managed",
      "type": "aws_iam_role",
      "name": "step_function_role",
      "provider": "provider[\"registry.terraform.io/hashicorp/aws\"]",
      "instances": [
        {
          "schema_version": 0,
          "attributes": {
            "arn": "arn:aws:iam::085037777088:role/cloudquickpocsstepfunction-role",
            "assume_role_policy": "{\"Version\":\"2012-10-17\",\"Statement\":[{\"Sid\":\"StepFunctionAssumeRole\",\"Effect\":\"Allow\",\"Principal\":{\"Service\":\"states.amazonaws.com\"},\"Action\":\"sts:AssumeRole\"}]}",
            "create_date": "2022-05-12T16:26:44Z",
            "description": "",
            "force_detach_policies": false,
            "id": "cloudquickpocsstepfunction-role",
            "inline_policy": [
              {
                "name": "",
                "policy": ""
              }
            ],
            "managed_policy_arns": [],
            "max_session_duration": 3600,
            "name": "cloudquickpocsstepfunction-role",
            "name_prefix": "",
            "path": "/",
            "permissions_boundary": null,
            "tags": {},
            "tags_all": {},
            "unique_id": "AROARHTFFQDAOOLA2PSLF"
          },
          "sensitive_attributes": [],
          "private": "bnVsbA=="
        }
      ]
    },
    {
      "module": "module.awsstepfunction",
      "mode": "managed",
      "type": "aws_iam_role_policy",
      "name": "step_function_policy",
      "provider": "provider[\"registry.terraform.io/hashicorp/aws\"]",
      "instances": [
        {
          "schema_version": 0,
          "attributes": {
            "id": "cloudquickpocsstepfunction-role:cqpdstepfunctionrole-policy",
            "name": "cqpdstepfunctionrole-policy",
            "name_prefix": null,
            "policy": "{\n    \"Version\": \"2012-10-17\",\n    \"Statement\": [\n        {\n            \"Action\": [\n                \"lambda:InvokeFunction\"\n            ],\n            \"Effect\": \"Allow\",\n            \"Resource\": \"arn:aws:lambda:us-east-1:085037777088:function:SFprocesspurchase\"\n        }\n    ]\n}\n",
            "role": "cloudquickpocsstepfunction-role"
          },
          "sensitive_attributes": [],
          "private": "bnVsbA==",
          "dependencies": [
            "module.awslambdafunction.aws_iam_role.lambda_role",
            "module.awslambdafunction.aws_lambda_function.SFprocesspurchase",
            "module.awslambdafunction.aws_s3_bucket.cqpocsbucket",
            "module.awsstepfunction.aws_iam_role.step_function_role"
          ]
        }
      ]
    },
    {
      "module": "module.awsstepfunction",
      "mode": "managed",
      "type": "aws_sfn_state_machine",
      "name": "SFtransactionprocessor",
      "provider": "provider[\"registry.terraform.io/hashicorp/aws\"]",
      "instances": [
        {
          "schema_version": 0,
          "attributes": {
            "arn": "arn:aws:states:us-east-1:085037777088:stateMachine:transactionprocessor",
            "creation_date": "2022-05-12T16:36:12Z",
            "definition": "{\n  \"Comment\": \"Transaction Processor State Machine\",\n  \"StartAt\": \"ProcessTransaction\",\n  \"States\": {\n    \"ProcessTransaction\": {\n      \"Type\": \"Choice\",\n      \"Choices\": [\n        {\n          \"Variable\": \"$.TransactionType\",\n          \"StringEquals\": \"PURCHASE\",\n          \"Next\": \"ProcessPurchase\"\n        },\n        {\n          \"Variable\": \"$.TransactionType\",\n          \"StringEquals\": \"REFUND\",\n          \"Next\": \"ProcessRefund\"\n        }\n      ]\n    },\n    \"ProcessPurchase\": {\n      \"Type\": \"Task\",\n      \"Resource\": \"arn:aws:lambda:us-east-1:085037777088:function:SFprocesspurchase\",\n      \"End\": true\n    },\n    \"ProcessRefund\": {\n      \"Type\": \"Task\",\n      \"Resource\": \"arn:aws:lambda:us-east-1:085037777088:function:SFprocesspurchase\",\n      \"End\": true\n    }\n  }\n}\n\n",
            "id": "arn:aws:states:us-east-1:085037777088:stateMachine:transactionprocessor",
            "logging_configuration": [
              {
                "include_execution_data": false,
                "level": "OFF",
                "log_destination": ""
              }
            ],
            "name": "transactionprocessor",
            "role_arn": "arn:aws:iam::085037777088:role/cloudquickpocsstepfunction-role",
            "status": "ACTIVE",
            "tags": null,
            "tags_all": {},
            "tracing_configuration": [
              {
                "enabled": false
              }
            ],
            "type": "STANDARD"
          },
          "sensitive_attributes": [],
          "private": "bnVsbA==",
          "dependencies": [
            "module.awslambdafunction.aws_iam_role.lambda_role",
            "module.awslambdafunction.aws_lambda_function.SFprocesspurchase",
            "module.awslambdafunction.aws_s3_bucket.cqpocsbucket",
            "module.awsstepfunction.aws_iam_role.step_function_role"
          ]
        }
      ]
    }
  ]
}
