{
  "version": 4,
  "terraform_version": "1.1.8",
  "serial": 118,
  "lineage": "abdd0479-479e-ec54-75b0-7fa0b5c31f45",
  "outputs": {},
  "resources": [
    {
      "module": "module.awslambdafunction",
      "mode": "managed",
      "type": "aws_s3_bucket",
      "name": "cqpocsbucket",
      "provider": "provider[\"registry.terraform.io/hashicorp/aws\"]",
      "instances": [
        {
          "schema_version": 0,
          "attributes": {
            "acceleration_status": "",
            "acl": "private",
            "arn": "arn:aws:s3:::quickcloudpocsbucket001",
            "bucket": "quickcloudpocsbucket001",
            "bucket_domain_name": "quickcloudpocsbucket001.s3.amazonaws.com",
            "bucket_prefix": null,
            "bucket_regional_domain_name": "quickcloudpocsbucket001.s3.amazonaws.com",
            "cors_rule": [],
            "force_destroy": false,
            "grant": [
              {
                "id": "ec4e85240fde3e972281150c6db9f6295c2ef9446347ac25a2253bea08914f3a",
                "permissions": [
                  "FULL_CONTROL"
                ],
                "type": "CanonicalUser",
                "uri": ""
              }
            ],
            "hosted_zone_id": "Z3AQBSTGFYJSTF",
            "id": "quickcloudpocsbucket001",
            "lifecycle_rule": [],
            "logging": [],
            "object_lock_configuration": [],
            "object_lock_enabled": false,
            "policy": "",
            "region": "us-east-1",
            "replication_configuration": [],
            "request_payer": "BucketOwner",
            "server_side_encryption_configuration": [],
            "tags": {},
            "tags_all": {},
            "versioning": [
              {
                "enabled": false,
                "mfa_delete": false
              }
            ],
            "website": [],
            "website_domain": null,
            "website_endpoint": null
          },
          "sensitive_attributes": [],
          "private": "bnVsbA=="
        }
      ]
    },
    {
      "module": "module.awslambdafunction",
      "mode": "managed",
      "type": "aws_s3_bucket_object",
      "name": "object1",
      "provider": "provider[\"registry.terraform.io/hashicorp/aws\"]",
      "instances": [
        {
          "schema_version": 0,
          "attributes": {
            "acl": "private",
            "bucket": "quickcloudpocsbucket001",
            "bucket_key_enabled": false,
            "cache_control": "",
            "content": null,
            "content_base64": null,
            "content_disposition": "",
            "content_encoding": "",
            "content_language": "",
            "content_type": "binary/octet-stream",
            "etag": "bf91a3bb2805eeeda8119c7a68afe81c",
            "force_destroy": false,
            "id": "SFprocesspurchase.zip",
            "key": "SFprocesspurchase.zip",
            "kms_key_id": null,
            "metadata": {},
            "object_lock_legal_hold_status": "",
            "object_lock_mode": "",
            "object_lock_retain_until_date": "",
            "server_side_encryption": "",
            "source": "LambdaFunction/SFprocesspurchase.zip",
            "source_hash": null,
            "storage_class": "STANDARD",
            "tags": {},
            "tags_all": {},
            "version_id": "",
            "website_redirect": ""
          },
          "sensitive_attributes": [],
          "private": "bnVsbA==",
          "dependencies": [
            "module.awslambdafunction.aws_s3_bucket.cqpocsbucket"
          ]
        }
      ]
    },
    {
      "module": "module.awslambdafunction",
      "mode": "managed",
      "type": "aws_s3_bucket_object",
      "name": "object2",
      "provider": "provider[\"registry.terraform.io/hashicorp/aws\"]",
      "instances": [
        {
          "schema_version": 0,
          "attributes": {
            "acl": "private",
            "bucket": "quickcloudpocsbucket001",
            "bucket_key_enabled": false,
            "cache_control": "",
            "content": null,
            "content_base64": null,
            "content_disposition": "",
            "content_encoding": "",
            "content_language": "",
            "content_type": "binary/octet-stream",
            "etag": "91c12b41263c9608e6560c06be48377f",
            "force_destroy": false,
            "id": "SFprocessrefund.zip",
            "key": "SFprocessrefund.zip",
            "kms_key_id": null,
            "metadata": {},
            "object_lock_legal_hold_status": "",
            "object_lock_mode": "",
            "object_lock_retain_until_date": "",
            "server_side_encryption": "",
            "source": "LambdaFunction/SFprocessrefund.zip",
            "source_hash": null,
            "storage_class": "STANDARD",
            "tags": {},
            "tags_all": {},
            "version_id": "",
            "website_redirect": ""
          },
          "sensitive_attributes": [],
          "private": "bnVsbA==",
          "dependencies": [
            "module.awslambdafunction.aws_s3_bucket.cqpocsbucket"
          ]
        }
      ]
    }
  ]
}
